
Microsoft Visual Studio Solution File, Format Version 12.00
# Visual Studio Version 17
VisualStudioVersion = 17.4.33213.308
MinimumVisualStudioVersion = 10.0.40219.1
Project("{FAE04EC0-301F-11D3-BF4B-00C04F79EFBC}") = "WebBanHangOnline", "WebBanHangOnline\WebBanHangOnline.csproj", "{D74F17AF-CC17-40EE-BA1B-14D6CC15FE38}"
EndProject
Global
	GlobalSection(SolutionConfigurationPlatforms) = preSolution
		Debug|Any CPU = Debug|Any CPU
		Release|Any CPU = Release|Any CPU
	EndGlobalSection
	GlobalSection(ProjectConfigurationPlatforms) = postSolution
		{D74F17AF-CC17-40EE-BA1B-14D6CC15FE38}.Debug|Any CPU.ActiveCfg = Debug|Any CPU
		{D74F17AF-CC17-40EE-BA1B-14D6CC15FE38}.Debug|Any CPU.Build.0 = Debug|Any CPU
		{D74F17AF-CC17-40EE-BA1B-14D6CC15FE38}.Release|Any CPU.ActiveCfg = Release|Any CPU
		{D74F17AF-CC17-40EE-BA1B-14D6CC15FE38}.Release|Any CPU.Build.0 = Release|Any CPU
	EndGlobalSection
	GlobalSection(SolutionProperties) = preSolution
		HideSolutionNode = FALSE
	EndGlobalSection
	GlobalSection(ExtensibilityGlobals) = postSolution
		SolutionGuid = {7A3E0262-7A3D-449D-B5E7-39FD63C480B0}
	EndGlobalSection
EndGlobal
